// !$*UTF8*$!
{
	archiveVersion = 1;
	classes = {
	};
	objectVersion = 46;
	objects = {

/* Begin PBXBuildFile section */
		4277A2BC1CF115C30079A2C0 /* dr_mj_small.png in Resources */ = {isa = PBXBuildFile; fileRef = 4277A2BB1CF115C30079A2C0 /* dr_mj_small.png */; };
		4277A2C01CF140390079A2C0 /* ShelterSearchViewController.swift in Sources */ = {isa = PBXBuildFile; fileRef = 4277A2BF1CF140390079A2C0 /* ShelterSearchViewController.swift */; };
		42FE648A1CE94FF80022B4F6 /* AppDelegate.swift in Sources */ = {isa = PBXBuildFile; fileRef = 42FE64891CE94FF80022B4F6 /* AppDelegate.swift */; };
		42FE648F1CE94FF80022B4F6 /* Main.storyboard in Resources */ = {isa = PBXBuildFile; fileRef = 42FE648D1CE94FF80022B4F6 /* Main.storyboard */; };
		42FE64921CE94FF80022B4F6 /* MyPetFiles.xcdatamodeld in Sources */ = {isa = PBXBuildFile; fileRef = 42FE64901CE94FF80022B4F6 /* MyPetFiles.xcdatamodeld */; };
		42FE64941CE94FF80022B4F6 /* Assets.xcassets in Resources */ = {isa = PBXBuildFile; fileRef = 42FE64931CE94FF80022B4F6 /* Assets.xcassets */; };
		42FE64971CE94FF80022B4F6 /* LaunchScreen.storyboard in Resources */ = {isa = PBXBuildFile; fileRef = 42FE64951CE94FF80022B4F6 /* LaunchScreen.storyboard */; };
		42FE64A31CE95B4E0022B4F6 /* PetfinderClient.swift in Sources */ = {isa = PBXBuildFile; fileRef = 42FE64A21CE95B4E0022B4F6 /* PetfinderClient.swift */; };
		42FE64A51CE95F470022B4F6 /* PetfinderConstants.swift in Sources */ = {isa = PBXBuildFile; fileRef = 42FE64A41CE95F470022B4F6 /* PetfinderConstants.swift */; };
		42FE64A71CEAA8880022B4F6 /* PetfinderConvenience.swift in Sources */ = {isa = PBXBuildFile; fileRef = 42FE64A61CEAA8880022B4F6 /* PetfinderConvenience.swift */; };
/* End PBXBuildFile section */

/* Begin PBXFileReference section */
		4277A2BB1CF115C30079A2C0 /* dr_mj_small.png */ = {isa = PBXFileReference; lastKnownFileType = image.png; path = dr_mj_small.png; sourceTree = "<group>"; };
		4277A2BF1CF140390079A2C0 /* ShelterSearchViewController.swift */ = {isa = PBXFileReference; fileEncoding = 4; lastKnownFileType = sourcecode.swift; path = ShelterSearchViewController.swift; sourceTree = "<group>"; };
		42FE64861CE94FF80022B4F6 /* MyPetFiles.app */ = {isa = PBXFileReference; explicitFileType = wrapper.application; includeInIndex = 0; path = MyPetFiles.app; sourceTree = BUILT_PRODUCTS_DIR; };
		42FE64891CE94FF80022B4F6 /* AppDelegate.swift */ = {isa = PBXFileReference; lastKnownFileType = sourcecode.swift; path = AppDelegate.swift; sourceTree = "<group>"; };
		42FE648E1CE94FF80022B4F6 /* Base */ = {isa = PBXFileReference; lastKnownFileType = file.storyboard; name = Base; path = Base.lproj/Main.storyboard; sourceTree = "<group>"; };
		42FE64911CE94FF80022B4F6 /* MyPetFiles.xcdatamodel */ = {isa = PBXFileReference; lastKnownFileType = wrapper.xcdatamodel; path = MyPetFiles.xcdatamodel; sourceTree = "<group>"; };
		42FE64931CE94FF80022B4F6 /* Assets.xcassets */ = {isa = PBXFileReference; lastKnownFileType = folder.assetcatalog; path = Assets.xcassets; sourceTree = "<group>"; };
		42FE64961CE94FF80022B4F6 /* Base */ = {isa = PBXFileReference; lastKnownFileType = file.storyboard; name = Base; path = Base.lproj/LaunchScreen.storyboard; sourceTree = "<group>"; };
		42FE64981CE94FF80022B4F6 /* Info.plist */ = {isa = PBXFileReference; lastKnownFileType = text.plist.xml; path = Info.plist; sourceTree = "<group>"; };
		42FE64A21CE95B4E0022B4F6 /* PetfinderClient.swift */ = {isa = PBXFileReference; fileEncoding = 4; lastKnownFileType = sourcecode.swift; path = PetfinderClient.swift; sourceTree = "<group>"; };
		42FE64A41CE95F470022B4F6 /* PetfinderConstants.swift */ = {isa = PBXFileReference; fileEncoding = 4; lastKnownFileType = sourcecode.swift; path = PetfinderConstants.swift; sourceTree = "<group>"; };
		42FE64A61CEAA8880022B4F6 /* PetfinderConvenience.swift */ = {isa = PBXFileReference; fileEncoding = 4; lastKnownFileType = sourcecode.swift; path = PetfinderConvenience.swift; sourceTree = "<group>"; };
/* End PBXFileReference section */

/* Begin PBXFrameworksBuildPhase section */
		42FE64831CE94FF80022B4F6 /* Frameworks */ = {
			isa = PBXFrameworksBuildPhase;
			buildActionMask = 2147483647;
			files = (
			);
			runOnlyForDeploymentPostprocessing = 0;
		};
/* End PBXFrameworksBuildPhase section */

/* Begin PBXGroup section */
		4277A2BD1CF13F700079A2C0 /* Assets */ = {
			isa = PBXGroup;
			children = (
				42FE648D1CE94FF80022B4F6 /* Main.storyboard */,
				4277A2BB1CF115C30079A2C0 /* dr_mj_small.png */,
				42FE64931CE94FF80022B4F6 /* Assets.xcassets */,
				42FE64951CE94FF80022B4F6 /* LaunchScreen.storyboard */,
			);
			name = Assets;
			sourceTree = "<group>";
		};
		4277A2BE1CF13FCB0079A2C0 /* Controller */ = {
			isa = PBXGroup;
			children = (
				4277A2BF1CF140390079A2C0 /* ShelterSearchViewController.swift */,
			);
			name = Controller;
			sourceTree = "<group>";
		};
		42FE647D1CE94FF80022B4F6 = {
			isa = PBXGroup;
			children = (
				42FE64881CE94FF80022B4F6 /* MyPetFiles */,
				42FE64871CE94FF80022B4F6 /* Products */,
			);
			sourceTree = "<group>";
		};
		42FE64871CE94FF80022B4F6 /* Products */ = {
			isa = PBXGroup;
			children = (
				42FE64861CE94FF80022B4F6 /* MyPetFiles.app */,
			);
			name = Products;
			sourceTree = "<group>";
		};
		42FE64881CE94FF80022B4F6 /* MyPetFiles */ = {
			isa = PBXGroup;
			children = (
				42FE649E1CE958C50022B4F6 /* Model */,
				42FE64891CE94FF80022B4F6 /* AppDelegate.swift */,
				4277A2BE1CF13FCB0079A2C0 /* Controller */,
				4277A2BD1CF13F700079A2C0 /* Assets */,
				42FE64981CE94FF80022B4F6 /* Info.plist */,
				42FE64901CE94FF80022B4F6 /* MyPetFiles.xcdatamodeld */,
			);
			path = MyPetFiles;
			sourceTree = "<group>";
		};
		42FE649E1CE958C50022B4F6 /* Model */ = {
			isa = PBXGroup;
			children = (
				42FE649F1CE958CE0022B4F6 /* Clients */,
			);
			name = Model;
			sourceTree = "<group>";
		};
		42FE649F1CE958CE0022B4F6 /* Clients */ = {
			isa = PBXGroup;
			children = (
				42FE64A11CE959020022B4F6 /* Petfinder */,
			);
			name = Clients;
			sourceTree = "<group>";
		};
		42FE64A11CE959020022B4F6 /* Petfinder */ = {
			isa = PBXGroup;
			children = (
				42FE64A21CE95B4E0022B4F6 /* PetfinderClient.swift */,
				42FE64A61CEAA8880022B4F6 /* PetfinderConvenience.swift */,
				42FE64A41CE95F470022B4F6 /* PetfinderConstants.swift */,
			);
			name = Petfinder;
			sourceTree = "<group>";
		};
/* End PBXGroup section */

/* Begin PBXNativeTarget section */
		42FE64851CE94FF80022B4F6 /* MyPetFiles */ = {
			isa = PBXNativeTarget;
			buildConfigurationList = 42FE649B1CE94FF80022B4F6 /* Build configuration list for PBXNativeTarget "MyPetFiles" */;
			buildPhases = (
				42FE64821CE94FF80022B4F6 /* Sources */,
				42FE64831CE94FF80022B4F6 /* Frameworks */,
				42FE64841CE94FF80022B4F6 /* Resources */,
			);
			buildRules = (
			);
			dependencies = (
			);
			name = MyPetFiles;
			productName = MyPetFiles;
			productReference = 42FE64861CE94FF80022B4F6 /* MyPetFiles.app */;
			productType = "com.apple.product-type.application";
		};
/* End PBXNativeTarget section */

/* Begin PBXProject section */
		42FE647E1CE94FF80022B4F6 /* Project object */ = {
			isa = PBXProject;
			attributes = {
				LastSwiftUpdateCheck = 0730;
				LastUpgradeCheck = 0730;
				ORGANIZATIONNAME = "Joshua Hunsberger";
				TargetAttributes = {
					42FE64851CE94FF80022B4F6 = {
						CreatedOnToolsVersion = 7.3.1;
					};
				};
			};
			buildConfigurationList = 42FE64811CE94FF80022B4F6 /* Build configuration list for PBXProject "MyPetFiles" */;
			compatibilityVersion = "Xcode 3.2";
			developmentRegion = English;
			hasScannedForEncodings = 0;
			knownRegions = (
				en,
				Base,
			);
			mainGroup = 42FE647D1CE94FF80022B4F6;
			productRefGroup = 42FE64871CE94FF80022B4F6 /* Products */;
			projectDirPath = "";
			projectRoot = "";
			targets = (
				42FE64851CE94FF80022B4F6 /* MyPetFiles */,
			);
		};
/* End PBXProject section */

/* Begin PBXResourcesBuildPhase section */
		42FE64841CE94FF80022B4F6 /* Resources */ = {
			isa = PBXResourcesBuildPhase;
			buildActionMask = 2147483647;
			files = (
				42FE64971CE94FF80022B4F6 /* LaunchScreen.storyboard in Resources */,
				42FE64941CE94FF80022B4F6 /* Assets.xcassets in Resources */,
				4277A2BC1CF115C30079A2C0 /* dr_mj_small.png in Resources */,
				42FE648F1CE94FF80022B4F6 /* Main.storyboard in Resources */,
			);
			runOnlyForDeploymentPostprocessing = 0;
		};
/* End PBXResourcesBuildPhase section */

/* Begin PBXSourcesBuildPhase section */
		42FE64821CE94FF80022B4F6 /* Sources */ = {
			isa = PBXSourcesBuildPhase;
			buildActionMask = 2147483647;
			files = (
				42FE64A31CE95B4E0022B4F6 /* PetfinderClient.swift in Sources */,
				42FE648A1CE94FF80022B4F6 /* AppDelegate.swift in Sources */,
				42FE64921CE94FF80022B4F6 /* MyPetFiles.xcdatamodeld in Sources */,
				42FE64A51CE95F470022B4F6 /* PetfinderConstants.swift in Sources */,
				42FE64A71CEAA8880022B4F6 /* PetfinderConvenience.swift in Sources */,
				4277A2C01CF140390079A2C0 /* ShelterSearchViewController.swift in Sources */,
			);
			runOnlyForDeploymentPostprocessing = 0;
		};
/* End PBXSourcesBuildPhase section */

/* Begin PBXVariantGroup section */
		42FE648D1CE94FF80022B4F6 /* Main.storyboard */ = {
			isa = PBXVariantGroup;
			children = (
				42FE648E1CE94FF80022B4F6 /* Base */,
			);
			name = Main.storyboard;
			sourceTree = "<group>";
		};
		42FE64951CE94FF80022B4F6 /* LaunchScreen.storyboard */ = {
			isa = PBXVariantGroup;
			children = (
				42FE64961CE94FF80022B4F6 /* Base */,
			);
			name = LaunchScreen.storyboard;
			sourceTree = "<group>";
		};
/* End PBXVariantGroup section */

/* Begin XCBuildConfiguration section */
		42FE64991CE94FF80022B4F6 /* Debug */ = {
			isa = XCBuildConfiguration;
			buildSettings = {
				ALWAYS_SEARCH_USER_PATHS = NO;
				CLANG_ANALYZER_NONNULL = YES;
				CLANG_CXX_LANGUAGE_STANDARD = "gnu++0x";
				CLANG_CXX_LIBRARY = "libc++";
				CLANG_ENABLE_MODULES = YES;
				CLANG_ENABLE_OBJC_ARC = YES;
				CLANG_WARN_BOOL_CONVERSION = YES;
				CLANG_WARN_CONSTANT_CONVERSION = YES;
				CLANG_WARN_DIRECT_OBJC_ISA_USAGE = YES_ERROR;
				CLANG_WARN_EMPTY_BODY = YES;
				CLANG_WARN_ENUM_CONVERSION = YES;
				CLANG_WARN_INT_CONVERSION = YES;
				CLANG_WARN_OBJC_ROOT_CLASS = YES_ERROR;
				CLANG_WARN_UNREACHABLE_CODE = YES;
				CLANG_WARN__DUPLICATE_METHOD_MATCH = YES;
				"CODE_SIGN_IDENTITY[sdk=iphoneos*]" = "iPhone Developer";
				COPY_PHASE_STRIP = NO;
				DEBUG_INFORMATION_FORMAT = dwarf;
				ENABLE_STRICT_OBJC_MSGSEND = YES;
				ENABLE_TESTABILITY = YES;
				GCC_C_LANGUAGE_STANDARD = gnu99;
				GCC_DYNAMIC_NO_PIC = NO;
				GCC_NO_COMMON_BLOCKS = YES;
				GCC_OPTIMIZATION_LEVEL = 0;
				GCC_PREPROCESSOR_DEFINITIONS = (
					"DEBUG=1",
					"$(inherited)",
				);
				GCC_WARN_64_TO_32_BIT_CONVERSION = YES;
				GCC_WARN_ABOUT_RETURN_TYPE = YES_ERROR;
				GCC_WARN_UNDECLARED_SELECTOR = YES;
				GCC_WARN_UNINITIALIZED_AUTOS = YES_AGGRESSIVE;
				GCC_WARN_UNUSED_FUNCTION = YES;
				GCC_WARN_UNUSED_VARIABLE = YES;
				IPHONEOS_DEPLOYMENT_TARGET = 9.3;
				MTL_ENABLE_DEBUG_INFO = YES;
				ONLY_ACTIVE_ARCH = YES;
				SDKROOT = iphoneos;
				SWIFT_OPTIMIZATION_LEVEL = "-Onone";
				TARGETED_DEVICE_FAMILY = "1,2";
			};
			name = Debug;
		};
		42FE649A1CE94FF80022B4F6 /* Release */ = {
			isa = XCBuildConfiguration;
			buildSettings = {
				ALWAYS_SEARCH_USER_PATHS = NO;
				CLANG_ANALYZER_NONNULL = YES;
				CLANG_CXX_LANGUAGE_STANDARD = "gnu++0x";
				CLANG_CXX_LIBRARY = "libc++";
				CLANG_ENABLE_MODULES = YES;
				CLANG_ENABLE_OBJC_ARC = YES;
				CLANG_WARN_BOOL_CONVERSION = YES;
				CLANG_WARN_CONSTANT_CONVERSION = YES;
				CLANG_WARN_DIRECT_OBJC_ISA_USAGE = YES_ERROR;
				CLANG_WARN_EMPTY_BODY = YES;
				CLANG_WARN_ENUM_CONVERSION = YES;
				CLANG_WARN_INT_CONVERSION = YES;
				CLANG_WARN_OBJC_ROOT_CLASS = YES_ERROR;
				CLANG_WARN_UNREACHABLE_CODE = YES;
				CLANG_WARN__DUPLICATE_METHOD_MATCH = YES;
				"CODE_SIGN_IDENTITY[sdk=iphoneos*]" = "iPhone Developer";
				COPY_PHASE_STRIP = NO;
				DEBUG_INFORMATION_FORMAT = "dwarf-with-dsym";
				ENABLE_NS_ASSERTIONS = NO;
				ENABLE_STRICT_OBJC_MSGSEND = YES;
				GCC_C_LANGUAGE_STANDARD = gnu99;
				GCC_NO_COMMON_BLOCKS = YES;
				GCC_WARN_64_TO_32_BIT_CONVERSION = YES;
				GCC_WARN_ABOUT_RETURN_TYPE = YES_ERROR;
				GCC_WARN_UNDECLARED_SELECTOR = YES;
				GCC_WARN_UNINITIALIZED_AUTOS = YES_AGGRESSIVE;
				GCC_WARN_UNUSED_FUNCTION = YES;
				GCC_WARN_UNUSED_VARIABLE = YES;
				IPHONEOS_DEPLOYMENT_TARGET = 9.3;
				MTL_ENABLE_DEBUG_INFO = NO;
				SDKROOT = iphoneos;
				TARGETED_DEVICE_FAMILY = "1,2";
				VALIDATE_PRODUCT = YES;
			};
			name = Release;
		};
		42FE649C1CE94FF80022B4F6 /* Debug */ = {
			isa = XCBuildConfiguration;
			buildSettings = {
				ASSETCATALOG_COMPILER_APPICON_NAME = AppIcon;
				INFOPLIST_FILE = MyPetFiles/Info.plist;
				LD_RUNPATH_SEARCH_PATHS = "$(inherited) @executable_path/Frameworks";
				PRODUCT_BUNDLE_IDENTIFIER = co.hunsberger.MyPetFiles;
				PRODUCT_NAME = "$(TARGET_NAME)";
			};
			name = Debug;
		};
		42FE649D1CE94FF80022B4F6 /* Release */ = {
			isa = XCBuildConfiguration;
			buildSettings = {
				ASSETCATALOG_COMPILER_APPICON_NAME = AppIcon;
				INFOPLIST_FILE = MyPetFiles/Info.plist;
				LD_RUNPATH_SEARCH_PATHS = "$(inherited) @executable_path/Frameworks";
				PRODUCT_BUNDLE_IDENTIFIER = co.hunsberger.MyPetFiles;
				PRODUCT_NAME = "$(TARGET_NAME)";
			};
			name = Release;
		};
/* End XCBuildConfiguration section */

/* Begin XCConfigurationList section */
		42FE64811CE94FF80022B4F6 /* Build configuration list for PBXProject "MyPetFiles" */ = {
			isa = XCConfigurationList;
			buildConfigurations = (
				42FE64991CE94FF80022B4F6 /* Debug */,
				42FE649A1CE94FF80022B4F6 /* Release */,
			);
			defaultConfigurationIsVisible = 0;
			defaultConfigurationName = Release;
		};
		42FE649B1CE94FF80022B4F6 /* Build configuration list for PBXNativeTarget "MyPetFiles" */ = {
			isa = XCConfigurationList;
			buildConfigurations = (
				42FE649C1CE94FF80022B4F6 /* Debug */,
				42FE649D1CE94FF80022B4F6 /* Release */,
			);
			defaultConfigurationIsVisible = 0;
			defaultConfigurationName = Release;
		};
/* End XCConfigurationList section */

/* Begin XCVersionGroup section */
		42FE64901CE94FF80022B4F6 /* MyPetFiles.xcdatamodeld */ = {
			isa = XCVersionGroup;
			children = (
				42FE64911CE94FF80022B4F6 /* MyPetFiles.xcdatamodel */,
			);
			currentVersion = 42FE64911CE94FF80022B4F6 /* MyPetFiles.xcdatamodel */;
			path = MyPetFiles.xcdatamodeld;
			sourceTree = "<group>";
			versionGroupType = wrapper.xcdatamodel;
		};
/* End XCVersionGroup section */
	};
	rootObject = 42FE647E1CE94FF80022B4F6 /* Project object */;
}
